
Microsoft Visual Studio Solution File, Format Version 12.00
# Visual Studio Version 17
VisualStudioVersion = 17.7.34009.444
MinimumVisualStudioVersion = 10.0.40219.1
Project("{FAE04EC0-301F-11D3-BF4B-00C04F79EFBC}") = "TestNotify", "TestNotify\TestNotify.csproj", "{DC6B4EBB-BAA8-469D-9C80-3680644B3F57}"
EndProject
Global
	GlobalSection(SolutionConfigurationPlatforms) = preSolution
		Debug|Any CPU = Debug|Any CPU
		Release|Any CPU = Release|Any CPU
	EndGlobalSection
	GlobalSection(ProjectConfigurationPlatforms) = postSolution
		{DC6B4EBB-BAA8-469D-9C80-3680644B3F57}.Debug|Any CPU.ActiveCfg = Debug|Any CPU
		{DC6B4EBB-BAA8-469D-9C80-3680644B3F57}.Debug|Any CPU.Build.0 = Debug|Any CPU
		{DC6B4EBB-BAA8-469D-9C80-3680644B3F57}.Release|Any CPU.ActiveCfg = Release|Any CPU
		{DC6B4EBB-BAA8-469D-9C80-3680644B3F57}.Release|Any CPU.Build.0 = Release|Any CPU
	EndGlobalSection
	GlobalSection(SolutionProperties) = preSolution
		HideSolutionNode = FALSE
	EndGlobalSection
	GlobalSection(ExtensibilityGlobals) = postSolution
		SolutionGuid = {A16CDDAC-8B36-4768-8A55-A12094A47120}
	EndGlobalSection
EndGlobal
